
Microsoft Visual Studio Solution File, Format Version 12.00
# Visual Studio 15
VisualStudioVersion = 15.0.28010.2050
MinimumVisualStudioVersion = 10.0.40219.1
Project("{FAE04EC0-301F-11D3-BF4B-00C04F79EFBC}") = "DatabaseConnection", "DatabaseConnection\DatabaseConnection.csproj", "{7A117D07-C536-4E60-B2C8-BDDA4BEE53F9}"
EndProject
Global
	GlobalSection(SolutionConfigurationPlatforms) = preSolution
		Debug|Any CPU = Debug|Any CPU
		Release|Any CPU = Release|Any CPU
	EndGlobalSection
	GlobalSection(ProjectConfigurationPlatforms) = postSolution
		{7A117D07-C536-4E60-B2C8-BDDA4BEE53F9}.Debug|Any CPU.ActiveCfg = Debug|Any CPU
		{7A117D07-C536-4E60-B2C8-BDDA4BEE53F9}.Debug|Any CPU.Build.0 = Debug|Any CPU
		{7A117D07-C536-4E60-B2C8-BDDA4BEE53F9}.Release|Any CPU.ActiveCfg = Release|Any CPU
		{7A117D07-C536-4E60-B2C8-BDDA4BEE53F9}.Release|Any CPU.Build.0 = Release|Any CPU
	EndGlobalSection
	GlobalSection(SolutionProperties) = preSolution
		HideSolutionNode = FALSE
	EndGlobalSection
	GlobalSection(ExtensibilityGlobals) = postSolution
		SolutionGuid = {54A2D0F2-86FA-4C1F-863F-5B4C996CB0F5}
	EndGlobalSection
EndGlobal
