
Microsoft Visual Studio Solution File, Format Version 12.00
# Visual Studio 15
VisualStudioVersion = 15.0.28010.2050
MinimumVisualStudioVersion = 10.0.40219.1
Project("{FAE04EC0-301F-11D3-BF4B-00C04F79EFBC}") = "Classes", "ConsoleApp1\Classes.csproj", "{30D0E95A-47A5-4225-9C0C-F089F3BAA5C2}"
EndProject
Global
	GlobalSection(SolutionConfigurationPlatforms) = preSolution
		Debug|Any CPU = Debug|Any CPU
		Release|Any CPU = Release|Any CPU
	EndGlobalSection
	GlobalSection(ProjectConfigurationPlatforms) = postSolution
		{30D0E95A-47A5-4225-9C0C-F089F3BAA5C2}.Debug|Any CPU.ActiveCfg = Debug|Any CPU
		{30D0E95A-47A5-4225-9C0C-F089F3BAA5C2}.Debug|Any CPU.Build.0 = Debug|Any CPU
		{30D0E95A-47A5-4225-9C0C-F089F3BAA5C2}.Release|Any CPU.ActiveCfg = Release|Any CPU
		{30D0E95A-47A5-4225-9C0C-F089F3BAA5C2}.Release|Any CPU.Build.0 = Release|Any CPU
	EndGlobalSection
	GlobalSection(SolutionProperties) = preSolution
		HideSolutionNode = FALSE
	EndGlobalSection
	GlobalSection(ExtensibilityGlobals) = postSolution
		SolutionGuid = {B20DC4F8-D0B9-4312-926D-4A2229512C81}
	EndGlobalSection
EndGlobal
